// !$*UTF8*$!
{
	archiveVersion = 1;
	classes = {
	};
	objectVersion = 56;
	objects = {

/* Begin PBXBuildFile section */
		1518D6462ABB5B1000A50C10 /* media.json in Resources */ = {isa = PBXBuildFile; fileRef = 1518D6452ABB5B1000A50C10 /* media.json */; };
		1518D6482ABB65F500A50C10 /* VideoPlayerVC.swift in Sources */ = {isa = PBXBuildFile; fileRef = 1518D6472ABB65F500A50C10 /* VideoPlayerVC.swift */; };
		1518D64A2ABB66BB00A50C10 /* TableViewCell.swift in Sources */ = {isa = PBXBuildFile; fileRef = 1518D6492ABB66BB00A50C10 /* TableViewCell.swift */; };
		1518D64C2ABB68A000A50C10 /* Models.swift in Sources */ = {isa = PBXBuildFile; fileRef = 1518D64B2ABB68A000A50C10 /* Models.swift */; };
		1519CA6F2ABB565900764C9B /* AppDelegate.swift in Sources */ = {isa = PBXBuildFile; fileRef = 1519CA6E2ABB565900764C9B /* AppDelegate.swift */; };
		1519CA712ABB565900764C9B /* SceneDelegate.swift in Sources */ = {isa = PBXBuildFile; fileRef = 1519CA702ABB565900764C9B /* SceneDelegate.swift */; };
		1519CA732ABB565900764C9B /* ViewController.swift in Sources */ = {isa = PBXBuildFile; fileRef = 1519CA722ABB565900764C9B /* ViewController.swift */; };
		1519CA762ABB565900764C9B /* Main.storyboard in Resources */ = {isa = PBXBuildFile; fileRef = 1519CA742ABB565900764C9B /* Main.storyboard */; };
		1519CA782ABB565A00764C9B /* Assets.xcassets in Resources */ = {isa = PBXBuildFile; fileRef = 1519CA772ABB565A00764C9B /* Assets.xcassets */; };
		1519CA7B2ABB565A00764C9B /* LaunchScreen.storyboard in Resources */ = {isa = PBXBuildFile; fileRef = 1519CA792ABB565A00764C9B /* LaunchScreen.storyboard */; };
		1519CA862ABB565A00764C9B /* VideoAppTests.swift in Sources */ = {isa = PBXBuildFile; fileRef = 1519CA852ABB565A00764C9B /* VideoAppTests.swift */; };
		1519CA902ABB565A00764C9B /* VideoAppUITests.swift in Sources */ = {isa = PBXBuildFile; fileRef = 1519CA8F2ABB565A00764C9B /* VideoAppUITests.swift */; };
		1519CA922ABB565A00764C9B /* VideoAppUITestsLaunchTests.swift in Sources */ = {isa = PBXBuildFile; fileRef = 1519CA912ABB565A00764C9B /* VideoAppUITestsLaunchTests.swift */; };
/* End PBXBuildFile section */

/* Begin PBXContainerItemProxy section */
		1519CA822ABB565A00764C9B /* PBXContainerItemProxy */ = {
			isa = PBXContainerItemProxy;
			containerPortal = 1519CA632ABB565900764C9B /* Project object */;
			proxyType = 1;
			remoteGlobalIDString = 1519CA6A2ABB565900764C9B;
			remoteInfo = VideoApp;
		};
		1519CA8C2ABB565A00764C9B /* PBXContainerItemProxy */ = {
			isa = PBXContainerItemProxy;
			containerPortal = 1519CA632ABB565900764C9B /* Project object */;
			proxyType = 1;
			remoteGlobalIDString = 1519CA6A2ABB565900764C9B;
			remoteInfo = VideoApp;
		};
/* End PBXContainerItemProxy section */

/* Begin PBXFileReference section */
		1518D6452ABB5B1000A50C10 /* media.json */ = {isa = PBXFileReference; fileEncoding = 4; lastKnownFileType = text.json; path = media.json; sourceTree = "<group>"; };
		1518D6472ABB65F500A50C10 /* VideoPlayerVC.swift */ = {isa = PBXFileReference; lastKnownFileType = sourcecode.swift; path = VideoPlayerVC.swift; sourceTree = "<group>"; };
		1518D6492ABB66BB00A50C10 /* TableViewCell.swift */ = {isa = PBXFileReference; lastKnownFileType = sourcecode.swift; path = TableViewCell.swift; sourceTree = "<group>"; };
		1518D64B2ABB68A000A50C10 /* Models.swift */ = {isa = PBXFileReference; lastKnownFileType = sourcecode.swift; path = Models.swift; sourceTree = "<group>"; };
		1519CA6B2ABB565900764C9B /* VideoApp.app */ = {isa = PBXFileReference; explicitFileType = wrapper.application; includeInIndex = 0; path = VideoApp.app; sourceTree = BUILT_PRODUCTS_DIR; };
		1519CA6E2ABB565900764C9B /* AppDelegate.swift */ = {isa = PBXFileReference; lastKnownFileType = sourcecode.swift; path = AppDelegate.swift; sourceTree = "<group>"; };
		1519CA702ABB565900764C9B /* SceneDelegate.swift */ = {isa = PBXFileReference; lastKnownFileType = sourcecode.swift; path = SceneDelegate.swift; sourceTree = "<group>"; };
		1519CA722ABB565900764C9B /* ViewController.swift */ = {isa = PBXFileReference; lastKnownFileType = sourcecode.swift; path = ViewController.swift; sourceTree = "<group>"; };
		1519CA752ABB565900764C9B /* Base */ = {isa = PBXFileReference; lastKnownFileType = file.storyboard; name = Base; path = Base.lproj/Main.storyboard; sourceTree = "<group>"; };
		1519CA772ABB565A00764C9B /* Assets.xcassets */ = {isa = PBXFileReference; lastKnownFileType = folder.assetcatalog; path = Assets.xcassets; sourceTree = "<group>"; };
		1519CA7A2ABB565A00764C9B /* Base */ = {isa = PBXFileReference; lastKnownFileType = file.storyboard; name = Base; path = Base.lproj/LaunchScreen.storyboard; sourceTree = "<group>"; };
		1519CA7C2ABB565A00764C9B /* Info.plist */ = {isa = PBXFileReference; lastKnownFileType = text.plist.xml; path = Info.plist; sourceTree = "<group>"; };
		1519CA812ABB565A00764C9B /* VideoAppTests.xctest */ = {isa = PBXFileReference; explicitFileType = wrapper.cfbundle; includeInIndex = 0; path = VideoAppTests.xctest; sourceTree = BUILT_PRODUCTS_DIR; };
		1519CA852ABB565A00764C9B /* VideoAppTests.swift */ = {isa = PBXFileReference; lastKnownFileType = sourcecode.swift; path = VideoAppTests.swift; sourceTree = "<group>"; };
		1519CA8B2ABB565A00764C9B /* VideoAppUITests.xctest */ = {isa = PBXFileReference; explicitFileType = wrapper.cfbundle; includeInIndex = 0; path = VideoAppUITests.xctest; sourceTree = BUILT_PRODUCTS_DIR; };
		1519CA8F2ABB565A00764C9B /* VideoAppUITests.swift */ = {isa = PBXFileReference; lastKnownFileType = sourcecode.swift; path = VideoAppUITests.swift; sourceTree = "<group>"; };
		1519CA912ABB565A00764C9B /* VideoAppUITestsLaunchTests.swift */ = {isa = PBXFileReference; lastKnownFileType = sourcecode.swift; path = VideoAppUITestsLaunchTests.swift; sourceTree = "<group>"; };
/* End PBXFileReference section */

/* Begin PBXFrameworksBuildPhase section */
		1519CA682ABB565900764C9B /* Frameworks */ = {
			isa = PBXFrameworksBuildPhase;
			buildActionMask = 2147483647;
			files = (
			);
			runOnlyForDeploymentPostprocessing = 0;
		};
		1519CA7E2ABB565A00764C9B /* Frameworks */ = {
			isa = PBXFrameworksBuildPhase;
			buildActionMask = 2147483647;
			files = (
			);
			runOnlyForDeploymentPostprocessing = 0;
		};
		1519CA882ABB565A00764C9B /* Frameworks */ = {
			isa = PBXFrameworksBuildPhase;
			buildActionMask = 2147483647;
			files = (
			);
			runOnlyForDeploymentPostprocessing = 0;
		};
/* End PBXFrameworksBuildPhase section */

/* Begin PBXGroup section */
		1519CA622ABB565900764C9B = {
			isa = PBXGroup;
			children = (
				1519CA6D2ABB565900764C9B /* VideoApp */,
				1519CA842ABB565A00764C9B /* VideoAppTests */,
				1519CA8E2ABB565A00764C9B /* VideoAppUITests */,
				1519CA6C2ABB565900764C9B /* Products */,
			);
			sourceTree = "<group>";
		};
		1519CA6C2ABB565900764C9B /* Products */ = {
			isa = PBXGroup;
			children = (
				1519CA6B2ABB565900764C9B /* VideoApp.app */,
				1519CA812ABB565A00764C9B /* VideoAppTests.xctest */,
				1519CA8B2ABB565A00764C9B /* VideoAppUITests.xctest */,
			);
			name = Products;
			sourceTree = "<group>";
		};
		1519CA6D2ABB565900764C9B /* VideoApp */ = {
			isa = PBXGroup;
			children = (
				1519CA6E2ABB565900764C9B /* AppDelegate.swift */,
				1519CA702ABB565900764C9B /* SceneDelegate.swift */,
				1519CA722ABB565900764C9B /* ViewController.swift */,
				1518D6492ABB66BB00A50C10 /* TableViewCell.swift */,
				1518D64B2ABB68A000A50C10 /* Models.swift */,
				1518D6472ABB65F500A50C10 /* VideoPlayerVC.swift */,
				1518D6452ABB5B1000A50C10 /* media.json */,
				1519CA742ABB565900764C9B /* Main.storyboard */,
				1519CA772ABB565A00764C9B /* Assets.xcassets */,
				1519CA792ABB565A00764C9B /* LaunchScreen.storyboard */,
				1519CA7C2ABB565A00764C9B /* Info.plist */,
			);
			path = VideoApp;
			sourceTree = "<group>";
		};
		1519CA842ABB565A00764C9B /* VideoAppTests */ = {
			isa = PBXGroup;
			children = (
				1519CA852ABB565A00764C9B /* VideoAppTests.swift */,
			);
			path = VideoAppTests;
			sourceTree = "<group>";
		};
		1519CA8E2ABB565A00764C9B /* VideoAppUITests */ = {
			isa = PBXGroup;
			children = (
				1519CA8F2ABB565A00764C9B /* VideoAppUITests.swift */,
				1519CA912ABB565A00764C9B /* VideoAppUITestsLaunchTests.swift */,
			);
			path = VideoAppUITests;
			sourceTree = "<group>";
		};
/* End PBXGroup section */

/* Begin PBXNativeTarget section */
		1519CA6A2ABB565900764C9B /* VideoApp */ = {
			isa = PBXNativeTarget;
			buildConfigurationList = 1519CA952ABB565A00764C9B /* Build configuration list for PBXNativeTarget "VideoApp" */;
			buildPhases = (
				1519CA672ABB565900764C9B /* Sources */,
				1519CA682ABB565900764C9B /* Frameworks */,
				1519CA692ABB565900764C9B /* Resources */,
			);
			buildRules = (
			);
			dependencies = (
			);
			name = VideoApp;
			productName = VideoApp;
			productReference = 1519CA6B2ABB565900764C9B /* VideoApp.app */;
			productType = "com.apple.product-type.application";
		};
		1519CA802ABB565A00764C9B /* VideoAppTests */ = {
			isa = PBXNativeTarget;
			buildConfigurationList = 1519CA982ABB565A00764C9B /* Build configuration list for PBXNativeTarget "VideoAppTests" */;
			buildPhases = (
				1519CA7D2ABB565A00764C9B /* Sources */,
				1519CA7E2ABB565A00764C9B /* Frameworks */,
				1519CA7F2ABB565A00764C9B /* Resources */,
			);
			buildRules = (
			);
			dependencies = (
				1519CA832ABB565A00764C9B /* PBXTargetDependency */,
			);
			name = VideoAppTests;
			productName = VideoAppTests;
			productReference = 1519CA812ABB565A00764C9B /* VideoAppTests.xctest */;
			productType = "com.apple.product-type.bundle.unit-test";
		};
		1519CA8A2ABB565A00764C9B /* VideoAppUITests */ = {
			isa = PBXNativeTarget;
			buildConfigurationList = 1519CA9B2ABB565A00764C9B /* Build configuration list for PBXNativeTarget "VideoAppUITests" */;
			buildPhases = (
				1519CA872ABB565A00764C9B /* Sources */,
				1519CA882ABB565A00764C9B /* Frameworks */,
				1519CA892ABB565A00764C9B /* Resources */,
			);
			buildRules = (
			);
			dependencies = (
				1519CA8D2ABB565A00764C9B /* PBXTargetDependency */,
			);
			name = VideoAppUITests;
			productName = VideoAppUITests;
			productReference = 1519CA8B2ABB565A00764C9B /* VideoAppUITests.xctest */;
			productType = "com.apple.product-type.bundle.ui-testing";
		};
/* End PBXNativeTarget section */

/* Begin PBXProject section */
		1519CA632ABB565900764C9B /* Project object */ = {
			isa = PBXProject;
			attributes = {
				BuildIndependentTargetsInParallel = 1;
				LastSwiftUpdateCheck = 1430;
				LastUpgradeCheck = 1430;
				TargetAttributes = {
					1519CA6A2ABB565900764C9B = {
						CreatedOnToolsVersion = 14.3.1;
					};
					1519CA802ABB565A00764C9B = {
						CreatedOnToolsVersion = 14.3.1;
						TestTargetID = 1519CA6A2ABB565900764C9B;
					};
					1519CA8A2ABB565A00764C9B = {
						CreatedOnToolsVersion = 14.3.1;
						TestTargetID = 1519CA6A2ABB565900764C9B;
					};
				};
			};
			buildConfigurationList = 1519CA662ABB565900764C9B /* Build configuration list for PBXProject "VideoApp" */;
			compatibilityVersion = "Xcode 14.0";
			developmentRegion = en;
			hasScannedForEncodings = 0;
			knownRegions = (
				en,
				Base,
			);
			mainGroup = 1519CA622ABB565900764C9B;
			productRefGroup = 1519CA6C2ABB565900764C9B /* Products */;
			projectDirPath = "";
			projectRoot = "";
			targets = (
				1519CA6A2ABB565900764C9B /* VideoApp */,
				1519CA802ABB565A00764C9B /* VideoAppTests */,
				1519CA8A2ABB565A00764C9B /* VideoAppUITests */,
			);
		};
/* End PBXProject section */

/* Begin PBXResourcesBuildPhase section */
		1519CA692ABB565900764C9B /* Resources */ = {
			isa = PBXResourcesBuildPhase;
			buildActionMask = 2147483647;
			files = (
				1519CA7B2ABB565A00764C9B /* LaunchScreen.storyboard in Resources */,
				1519CA782ABB565A00764C9B /* Assets.xcassets in Resources */,
				1518D6462ABB5B1000A50C10 /* media.json in Resources */,
				1519CA762ABB565900764C9B /* Main.storyboard in Resources */,
			);
			runOnlyForDeploymentPostprocessing = 0;
		};
		1519CA7F2ABB565A00764C9B /* Resources */ = {
			isa = PBXResourcesBuildPhase;
			buildActionMask = 2147483647;
			files = (
			);
			runOnlyForDeploymentPostprocessing = 0;
		};
		1519CA892ABB565A00764C9B /* Resources */ = {
			isa = PBXResourcesBuildPhase;
			buildActionMask = 2147483647;
			files = (
			);
			runOnlyForDeploymentPostprocessing = 0;
		};
/* End PBXResourcesBuildPhase section */

/* Begin PBXSourcesBuildPhase section */
		1519CA672ABB565900764C9B /* Sources */ = {
			isa = PBXSourcesBuildPhase;
			buildActionMask = 2147483647;
			files = (
				1518D64A2ABB66BB00A50C10 /* TableViewCell.swift in Sources */,
				1519CA732ABB565900764C9B /* ViewController.swift in Sources */,
				1519CA6F2ABB565900764C9B /* AppDelegate.swift in Sources */,
				1518D64C2ABB68A000A50C10 /* Models.swift in Sources */,
				1519CA712ABB565900764C9B /* SceneDelegate.swift in Sources */,
				1518D6482ABB65F500A50C10 /* VideoPlayerVC.swift in Sources */,
			);
			runOnlyForDeploymentPostprocessing = 0;
		};
		1519CA7D2ABB565A00764C9B /* Sources */ = {
			isa = PBXSourcesBuildPhase;
			buildActionMask = 2147483647;
			files = (
				1519CA862ABB565A00764C9B /* VideoAppTests.swift in Sources */,
			);
			runOnlyForDeploymentPostprocessing = 0;
		};
		1519CA872ABB565A00764C9B /* Sources */ = {
			isa = PBXSourcesBuildPhase;
			buildActionMask = 2147483647;
			files = (
				1519CA922ABB565A00764C9B /* VideoAppUITestsLaunchTests.swift in Sources */,
				1519CA902ABB565A00764C9B /* VideoAppUITests.swift in Sources */,
			);
			runOnlyForDeploymentPostprocessing = 0;
		};
/* End PBXSourcesBuildPhase section */

/* Begin PBXTargetDependency section */
		1519CA832ABB565A00764C9B /* PBXTargetDependency */ = {
			isa = PBXTargetDependency;
			target = 1519CA6A2ABB565900764C9B /* VideoApp */;
			targetProxy = 1519CA822ABB565A00764C9B /* PBXContainerItemProxy */;
		};
		1519CA8D2ABB565A00764C9B /* PBXTargetDependency */ = {
			isa = PBXTargetDependency;
			target = 1519CA6A2ABB565900764C9B /* VideoApp */;
			targetProxy = 1519CA8C2ABB565A00764C9B /* PBXContainerItemProxy */;
		};
/* End PBXTargetDependency section */

/* Begin PBXVariantGroup section */
		1519CA742ABB565900764C9B /* Main.storyboard */ = {
			isa = PBXVariantGroup;
			children = (
				1519CA752ABB565900764C9B /* Base */,
			);
			name = Main.storyboard;
			sourceTree = "<group>";
		};
		1519CA792ABB565A00764C9B /* LaunchScreen.storyboard */ = {
			isa = PBXVariantGroup;
			children = (
				1519CA7A2ABB565A00764C9B /* Base */,
			);
			name = LaunchScreen.storyboard;
			sourceTree = "<group>";
		};
/* End PBXVariantGroup section */

/* Begin XCBuildConfiguration section */
		1519CA932ABB565A00764C9B /* Debug */ = {
			isa = XCBuildConfiguration;
			buildSettings = {
				ALWAYS_SEARCH_USER_PATHS = NO;
				CLANG_ANALYZER_NONNULL = YES;
				CLANG_ANALYZER_NUMBER_OBJECT_CONVERSION = YES_AGGRESSIVE;
				CLANG_CXX_LANGUAGE_STANDARD = "gnu++20";
				CLANG_ENABLE_MODULES = YES;
				CLANG_ENABLE_OBJC_ARC = YES;
				CLANG_ENABLE_OBJC_WEAK = YES;
				CLANG_WARN_BLOCK_CAPTURE_AUTORELEASING = YES;
				CLANG_WARN_BOOL_CONVERSION = YES;
				CLANG_WARN_COMMA = YES;
				CLANG_WARN_CONSTANT_CONVERSION = YES;
				CLANG_WARN_DEPRECATED_OBJC_IMPLEMENTATIONS = YES;
				CLANG_WARN_DIRECT_OBJC_ISA_USAGE = YES_ERROR;
				CLANG_WARN_DOCUMENTATION_COMMENTS = YES;
				CLANG_WARN_EMPTY_BODY = YES;
				CLANG_WARN_ENUM_CONVERSION = YES;
				CLANG_WARN_INFINITE_RECURSION = YES;
				CLANG_WARN_INT_CONVERSION = YES;
				CLANG_WARN_NON_LITERAL_NULL_CONVERSION = YES;
				CLANG_WARN_OBJC_IMPLICIT_RETAIN_SELF = YES;
				CLANG_WARN_OBJC_LITERAL_CONVERSION = YES;
				CLANG_WARN_OBJC_ROOT_CLASS = YES_ERROR;
				CLANG_WARN_QUOTED_INCLUDE_IN_FRAMEWORK_HEADER = YES;
				CLANG_WARN_RANGE_LOOP_ANALYSIS = YES;
				CLANG_WARN_STRICT_PROTOTYPES = YES;
				CLANG_WARN_SUSPICIOUS_MOVE = YES;
				CLANG_WARN_UNGUARDED_AVAILABILITY = YES_AGGRESSIVE;
				CLANG_WARN_UNREACHABLE_CODE = YES;
				CLANG_WARN__DUPLICATE_METHOD_MATCH = YES;
				COPY_PHASE_STRIP = NO;
				DEBUG_INFORMATION_FORMAT = dwarf;
				ENABLE_STRICT_OBJC_MSGSEND = YES;
				ENABLE_TESTABILITY = YES;
				GCC_C_LANGUAGE_STANDARD = gnu11;
				GCC_DYNAMIC_NO_PIC = NO;
				GCC_NO_COMMON_BLOCKS = YES;
				GCC_OPTIMIZATION_LEVEL = 0;
				GCC_PREPROCESSOR_DEFINITIONS = (
					"DEBUG=1",
					"$(inherited)",
				);
				GCC_WARN_64_TO_32_BIT_CONVERSION = YES;
				GCC_WARN_ABOUT_RETURN_TYPE = YES_ERROR;
				GCC_WARN_UNDECLARED_SELECTOR = YES;
				GCC_WARN_UNINITIALIZED_AUTOS = YES_AGGRESSIVE;
				GCC_WARN_UNUSED_FUNCTION = YES;
				GCC_WARN_UNUSED_VARIABLE = YES;
				IPHONEOS_DEPLOYMENT_TARGET = 16.4;
				MTL_ENABLE_DEBUG_INFO = INCLUDE_SOURCE;
				MTL_FAST_MATH = YES;
				ONLY_ACTIVE_ARCH = YES;
				SDKROOT = iphoneos;
				SWIFT_ACTIVE_COMPILATION_CONDITIONS = DEBUG;
				SWIFT_OPTIMIZATION_LEVEL = "-Onone";
			};
			name = Debug;
		};
		1519CA942ABB565A00764C9B /* Release */ = {
			isa = XCBuildConfiguration;
			buildSettings = {
				ALWAYS_SEARCH_USER_PATHS = NO;
				CLANG_ANALYZER_NONNULL = YES;
				CLANG_ANALYZER_NUMBER_OBJECT_CONVERSION = YES_AGGRESSIVE;
				CLANG_CXX_LANGUAGE_STANDARD = "gnu++20";
				CLANG_ENABLE_MODULES = YES;
				CLANG_ENABLE_OBJC_ARC = YES;
				CLANG_ENABLE_OBJC_WEAK = YES;
				CLANG_WARN_BLOCK_CAPTURE_AUTORELEASING = YES;
				CLANG_WARN_BOOL_CONVERSION = YES;
				CLANG_WARN_COMMA = YES;
				CLANG_WARN_CONSTANT_CONVERSION = YES;
				CLANG_WARN_DEPRECATED_OBJC_IMPLEMENTATIONS = YES;
				CLANG_WARN_DIRECT_OBJC_ISA_USAGE = YES_ERROR;
				CLANG_WARN_DOCUMENTATION_COMMENTS = YES;
				CLANG_WARN_EMPTY_BODY = YES;
				CLANG_WARN_ENUM_CONVERSION = YES;
				CLANG_WARN_INFINITE_RECURSION = YES;
				CLANG_WARN_INT_CONVERSION = YES;
				CLANG_WARN_NON_LITERAL_NULL_CONVERSION = YES;
				CLANG_WARN_OBJC_IMPLICIT_RETAIN_SELF = YES;
				CLANG_WARN_OBJC_LITERAL_CONVERSION = YES;
				CLANG_WARN_OBJC_ROOT_CLASS = YES_ERROR;
				CLANG_WARN_QUOTED_INCLUDE_IN_FRAMEWORK_HEADER = YES;
				CLANG_WARN_RANGE_LOOP_ANALYSIS = YES;
				CLANG_WARN_STRICT_PROTOTYPES = YES;
				CLANG_WARN_SUSPICIOUS_MOVE = YES;
				CLANG_WARN_UNGUARDED_AVAILABILITY = YES_AGGRESSIVE;
				CLANG_WARN_UNREACHABLE_CODE = YES;
				CLANG_WARN__DUPLICATE_METHOD_MATCH = YES;
				COPY_PHASE_STRIP = NO;
				DEBUG_INFORMATION_FORMAT = "dwarf-with-dsym";
				ENABLE_NS_ASSERTIONS = NO;
				ENABLE_STRICT_OBJC_MSGSEND = YES;
				GCC_C_LANGUAGE_STANDARD = gnu11;
				GCC_NO_COMMON_BLOCKS = YES;
				GCC_WARN_64_TO_32_BIT_CONVERSION = YES;
				GCC_WARN_ABOUT_RETURN_TYPE = YES_ERROR;
				GCC_WARN_UNDECLARED_SELECTOR = YES;
				GCC_WARN_UNINITIALIZED_AUTOS = YES_AGGRESSIVE;
				GCC_WARN_UNUSED_FUNCTION = YES;
				GCC_WARN_UNUSED_VARIABLE = YES;
				IPHONEOS_DEPLOYMENT_TARGET = 16.4;
				MTL_ENABLE_DEBUG_INFO = NO;
				MTL_FAST_MATH = YES;
				SDKROOT = iphoneos;
				SWIFT_COMPILATION_MODE = wholemodule;
				SWIFT_OPTIMIZATION_LEVEL = "-O";
				VALIDATE_PRODUCT = YES;
			};
			name = Release;
		};
		1519CA962ABB565A00764C9B /* Debug */ = {
			isa = XCBuildConfiguration;
			buildSettings = {
				ASSETCATALOG_COMPILER_APPICON_NAME = AppIcon;
				ASSETCATALOG_COMPILER_GLOBAL_ACCENT_COLOR_NAME = AccentColor;
				CODE_SIGN_STYLE = Automatic;
				CURRENT_PROJECT_VERSION = 1;
				DEVELOPMENT_TEAM = 8V7T75XZBS;
				GENERATE_INFOPLIST_FILE = YES;
				INFOPLIST_FILE = VideoApp/Info.plist;
				INFOPLIST_KEY_UIApplicationSupportsIndirectInputEvents = YES;
				INFOPLIST_KEY_UILaunchStoryboardName = LaunchScreen;
				INFOPLIST_KEY_UIMainStoryboardFile = Main;
				INFOPLIST_KEY_UISupportedInterfaceOrientations_iPad = "UIInterfaceOrientationPortrait UIInterfaceOrientationPortraitUpsideDown UIInterfaceOrientationLandscapeLeft UIInterfaceOrientationLandscapeRight";
				INFOPLIST_KEY_UISupportedInterfaceOrientations_iPhone = "UIInterfaceOrientationPortrait UIInterfaceOrientationLandscapeLeft UIInterfaceOrientationLandscapeRight";
				IPHONEOS_DEPLOYMENT_TARGET = 15.0;
				LD_RUNPATH_SEARCH_PATHS = (
					"$(inherited)",
					"@executable_path/Frameworks",
				);
				MARKETING_VERSION = 1.0;
				PRODUCT_BUNDLE_IDENTIFIER = askjsa;
				PRODUCT_NAME = "$(TARGET_NAME)";
				SWIFT_EMIT_LOC_STRINGS = YES;
				SWIFT_VERSION = 5.0;
				TARGETED_DEVICE_FAMILY = "1,2";
			};
			name = Debug;
		};
		1519CA972ABB565A00764C9B /* Release */ = {
			isa = XCBuildConfiguration;
			buildSettings = {
				ASSETCATALOG_COMPILER_APPICON_NAME = AppIcon;
				ASSETCATALOG_COMPILER_GLOBAL_ACCENT_COLOR_NAME = AccentColor;
				CODE_SIGN_STYLE = Automatic;
				CURRENT_PROJECT_VERSION = 1;
				DEVELOPMENT_TEAM = 8V7T75XZBS;
				GENERATE_INFOPLIST_FILE = YES;
				INFOPLIST_FILE = VideoApp/Info.plist;
				INFOPLIST_KEY_UIApplicationSupportsIndirectInputEvents = YES;
				INFOPLIST_KEY_UILaunchStoryboardName = LaunchScreen;
				INFOPLIST_KEY_UIMainStoryboardFile = Main;
				INFOPLIST_KEY_UISupportedInterfaceOrientations_iPad = "UIInterfaceOrientationPortrait UIInterfaceOrientationPortraitUpsideDown UIInterfaceOrientationLandscapeLeft UIInterfaceOrientationLandscapeRight";
				INFOPLIST_KEY_UISupportedInterfaceOrientations_iPhone = "UIInterfaceOrientationPortrait UIInterfaceOrientationLandscapeLeft UIInterfaceOrientationLandscapeRight";
				IPHONEOS_DEPLOYMENT_TARGET = 15.0;
				LD_RUNPATH_SEARCH_PATHS = (
					"$(inherited)",
					"@executable_path/Frameworks",
				);
				MARKETING_VERSION = 1.0;
				PRODUCT_BUNDLE_IDENTIFIER = askjsa;
				PRODUCT_NAME = "$(TARGET_NAME)";
				SWIFT_EMIT_LOC_STRINGS = YES;
				SWIFT_VERSION = 5.0;
				TARGETED_DEVICE_FAMILY = "1,2";
			};
			name = Release;
		};
		1519CA992ABB565A00764C9B /* Debug */ = {
			isa = XCBuildConfiguration;
			buildSettings = {
				ALWAYS_EMBED_SWIFT_STANDARD_LIBRARIES = YES;
				BUNDLE_LOADER = "$(TEST_HOST)";
				CODE_SIGN_STYLE = Automatic;
				CURRENT_PROJECT_VERSION = 1;
				GENERATE_INFOPLIST_FILE = YES;
				IPHONEOS_DEPLOYMENT_TARGET = 16.4;
				MARKETING_VERSION = 1.0;
				PRODUCT_BUNDLE_IDENTIFIER = a.VideoAppTests;
				PRODUCT_NAME = "$(TARGET_NAME)";
				SWIFT_EMIT_LOC_STRINGS = NO;
				SWIFT_VERSION = 5.0;
				TARGETED_DEVICE_FAMILY = "1,2";
				TEST_HOST = "$(BUILT_PRODUCTS_DIR)/VideoApp.app/$(BUNDLE_EXECUTABLE_FOLDER_PATH)/VideoApp";
			};
			name = Debug;
		};
		1519CA9A2ABB565A00764C9B /* Release */ = {
			isa = XCBuildConfiguration;
			buildSettings = {
				ALWAYS_EMBED_SWIFT_STANDARD_LIBRARIES = YES;
				BUNDLE_LOADER = "$(TEST_HOST)";
				CODE_SIGN_STYLE = Automatic;
				CURRENT_PROJECT_VERSION = 1;
				GENERATE_INFOPLIST_FILE = YES;
				IPHONEOS_DEPLOYMENT_TARGET = 16.4;
				MARKETING_VERSION = 1.0;
				PRODUCT_BUNDLE_IDENTIFIER = a.VideoAppTests;
				PRODUCT_NAME = "$(TARGET_NAME)";
				SWIFT_EMIT_LOC_STRINGS = NO;
				SWIFT_VERSION = 5.0;
				TARGETED_DEVICE_FAMILY = "1,2";
				TEST_HOST = "$(BUILT_PRODUCTS_DIR)/VideoApp.app/$(BUNDLE_EXECUTABLE_FOLDER_PATH)/VideoApp";
			};
			name = Release;
		};
		1519CA9C2ABB565A00764C9B /* Debug */ = {
			isa = XCBuildConfiguration;
			buildSettings = {
				ALWAYS_EMBED_SWIFT_STANDARD_LIBRARIES = YES;
				CODE_SIGN_STYLE = Automatic;
				CURRENT_PROJECT_VERSION = 1;
				GENERATE_INFOPLIST_FILE = YES;
				MARKETING_VERSION = 1.0;
				PRODUCT_BUNDLE_IDENTIFIER = a.VideoAppUITests;
				PRODUCT_NAME = "$(TARGET_NAME)";
				SWIFT_EMIT_LOC_STRINGS = NO;
				SWIFT_VERSION = 5.0;
				TARGETED_DEVICE_FAMILY = "1,2";
				TEST_TARGET_NAME = VideoApp;
			};
			name = Debug;
		};
		1519CA9D2ABB565A00764C9B /* Release */ = {
			isa = XCBuildConfiguration;
			buildSettings = {
				ALWAYS_EMBED_SWIFT_STANDARD_LIBRARIES = YES;
				CODE_SIGN_STYLE = Automatic;
				CURRENT_PROJECT_VERSION = 1;
				GENERATE_INFOPLIST_FILE = YES;
				MARKETING_VERSION = 1.0;
				PRODUCT_BUNDLE_IDENTIFIER = a.VideoAppUITests;
				PRODUCT_NAME = "$(TARGET_NAME)";
				SWIFT_EMIT_LOC_STRINGS = NO;
				SWIFT_VERSION = 5.0;
				TARGETED_DEVICE_FAMILY = "1,2";
				TEST_TARGET_NAME = VideoApp;
			};
			name = Release;
		};
/* End XCBuildConfiguration section */

/* Begin XCConfigurationList section */
		1519CA662ABB565900764C9B /* Build configuration list for PBXProject "VideoApp" */ = {
			isa = XCConfigurationList;
			buildConfigurations = (
				1519CA932ABB565A00764C9B /* Debug */,
				1519CA942ABB565A00764C9B /* Release */,
			);
			defaultConfigurationIsVisible = 0;
			defaultConfigurationName = Release;
		};
		1519CA952ABB565A00764C9B /* Build configuration list for PBXNativeTarget "VideoApp" */ = {
			isa = XCConfigurationList;
			buildConfigurations = (
				1519CA962ABB565A00764C9B /* Debug */,
				1519CA972ABB565A00764C9B /* Release */,
			);
			defaultConfigurationIsVisible = 0;
			defaultConfigurationName = Release;
		};
		1519CA982ABB565A00764C9B /* Build configuration list for PBXNativeTarget "VideoAppTests" */ = {
			isa = XCConfigurationList;
			buildConfigurations = (
				1519CA992ABB565A00764C9B /* Debug */,
				1519CA9A2ABB565A00764C9B /* Release */,
			);
			defaultConfigurationIsVisible = 0;
			defaultConfigurationName = Release;
		};
		1519CA9B2ABB565A00764C9B /* Build configuration list for PBXNativeTarget "VideoAppUITests" */ = {
			isa = XCConfigurationList;
			buildConfigurations = (
				1519CA9C2ABB565A00764C9B /* Debug */,
				1519CA9D2ABB565A00764C9B /* Release */,
			);
			defaultConfigurationIsVisible = 0;
			defaultConfigurationName = Release;
		};
/* End XCConfigurationList section */
	};
	rootObject = 1519CA632ABB565900764C9B /* Project object */;
}
